Microsoft Visual Studio Solution File, Format Version 12.00
# Visual Studio Version 17
VisualStudioVersion = 17.0.31717.71
MinimumVisualStudioVersion = 10.0.40219.1
Project("{9A19103F-16F7-4668-BE54-9A1E7A4F7556}") = "Infoshare22.WebApp", "Infoshare22.WebApp\Infoshare22.WebApp.csproj", "{AD7856CB-981C-43AD-93AA-DBEF61072974}"
EndProject
Project("{9A19103F-16F7-4668-BE54-9A1E7A4F7556}") = "Infoshare22.Functions", "Infoshare22.Functions\Infoshare22.Functions.csproj", "{BDB1DD44-4344-46F2-98BA-67BB68B00C50}"
EndProject
Global
	GlobalSection(SolutionConfigurationPlatforms) = preSolution
		Debug|Any CPU = Debug|Any CPU
		Release|Any CPU = Release|Any CPU
	EndGlobalSection
	GlobalSection(ProjectConfigurationPlatforms) = postSolution
		{AD7856CB-981C-43AD-93AA-DBEF61072974}.Debug|Any CPU.ActiveCfg = Debug|Any CPU
		{AD7856CB-981C-43AD-93AA-DBEF61072974}.Debug|Any CPU.Build.0 = Debug|Any CPU
		{AD7856CB-981C-43AD-93AA-DBEF61072974}.Release|Any CPU.ActiveCfg = Release|Any CPU
		{AD7856CB-981C-43AD-93AA-DBEF61072974}.Release|Any CPU.Build.0 = Release|Any CPU
		{BDB1DD44-4344-46F2-98BA-67BB68B00C50}.Debug|Any CPU.ActiveCfg = Debug|Any CPU
		{BDB1DD44-4344-46F2-98BA-67BB68B00C50}.Debug|Any CPU.Build.0 = Debug|Any CPU
		{BDB1DD44-4344-46F2-98BA-67BB68B00C50}.Release|Any CPU.ActiveCfg = Release|Any CPU
		{BDB1DD44-4344-46F2-98BA-67BB68B00C50}.Release|Any CPU.Build.0 = Release|Any CPU
	EndGlobalSection
	GlobalSection(SolutionProperties) = preSolution
		HideSolutionNode = FALSE
	EndGlobalSection
	GlobalSection(ExtensibilityGlobals) = postSolution
		SolutionGuid = {3DAA8F35-AC9C-43A6-AEEE-094C7008C881}
	EndGlobalSection
EndGlobal
